# THIS IS AN AUTOGENERATED FILE. DO NOT EDIT THIS FILE DIRECTLY.
# yarn lockfile v1

"@alloc/quick-lru@^5.2.0":
  version "5.2.0"
  resolved "https://registry.yarnpkg.com/@alloc/quick-lru/-/quick-lru-5.2.0.tgz#7e1a7255a12c417126c71119841ee5f6b7732957"
  integrity sha512-CInhV5o5m1xtDS+7BxS7O/b/4M0ByqACpIgga0oPBpwNYV0mB1cRh8vq/SSusqMEdvU0kX8q1/qtZxDXct834w==

"@babel/code-frame@^7.0.0", "@babel/code-frame@^7.26.2":
  version "7.27.1"
  resolved "https://registry.yarnpkg.com/@babel/code-frame/-/code-frame-7.27.1.tgz#2aadcdf3d8a03ffb8f73a2f6a73599b0ae47bd24"
  integrity sha512-l4aj8Bwv6Voidn0G2rcO7fufpZ5xdYpJaMah3yJnaTuE1GqwlE/rd/1F1U8x2ZStjW4EC28OGWyY2iz0K1b6aA==
  dependencies:
    picocolors "^1.1.1"

"@babel/compat-data@^7.27.1":
  version "7.28.4"
  resolved "https://registry.yarnpkg.com/@babel/compat-data/-/compat-data-7.28.4.tgz#f42e89fbedb5f4fd5ac4931c8b4262116c01a905"
  integrity sha512-YsmSKSUW+GjVhtgxl9dXwP8ulY+MPw1TLdrJz6qeqwWybXn8ZrVuvxvL15oJPxE7Pw/3q8KVwklpQk+WzgpZbg==

"@babel/core@^7.23.9":
  version "7.28.4"
  resolved "https://registry.yarnpkg.com/@babel/core/-/core-7.28.4.tgz#91b21c6c5d78f73b81db4eeeb8313c2419f1de07"
  integrity sha512-l5+z0MlBUeJ6rPXNZ4lgjg7nQmMSrF2drnnEr8tJp3JRwQByvLrLFWjb4q/3qpHpHHRZ/LwsUAJn35lyymrX1w==
  dependencies:
    "@babel/code-frame" "^7.27.1"
    "@babel/generator" "^7.28.3"
    "@babel/helper-compilation-targets" "^7.27.2"
    "@babel/helper-module-transforms" "^7.28.3"
    "@babel/helpers" "^7.28.4"
    "@babel/parser" "^7.28.4"
    "@babel/template" "^7.27.2"
    "@babel/traverse" "^7.28.4"
    "@babel/types" "^7.28.4"
    convert-source-map "^2.0.0"
    debug "^4.1.0"
    gensync "^1.0.0-beta.2"
    json5 "^2.2.3"
    semver "^6.3.1"

"@babel/generator@^7.28.3":
  version "7.28.3"
  resolved "https://registry.yarnpkg.com/@babel/generator/-/generator-7.28.3.tgz#e310e7b1752028371e9b216a0b4b6daeea8ed6d1"
  integrity sha512-8bL7d9ON6mU+uM4q71ZL2Ofu2o9pGShg/Oui2Q7d/7J4DLBd+UXVZTH2e7cOpp6RfIUqgaT03vpG8Xja3nvYLQ==
  dependencies:
    "@babel/parser" "^7.28.3"
    "@babel/types" "^7.28.2"
    "@jridgewell/gen-mapping" "^0.3.2"
    "@jridgewell/trace-mapping" "^0.3.12"

"@babel/helper-compilation-targets@^7.27.2":
  version "7.28.3"
  resolved "https://registry.yarnpkg.com/@babel/helper-compilation-targets/-/helper-compilation-targets-7.28.3.tgz#cf8b13c522f719b7efb62a71afcd067b8684ba95"
  integrity sha512-5BLuhj/nbBBkv5wGL35rn0sOoDhHPItlGbdu1xrbFd15FmgoUlB2cMwdcAjbLwLRAiYu7BJkb3D0ot5MEgbEcA==
  dependencies:
    "@babel/compat-data" "^7.28.4"
    "@babel/helper-validator-option" "^7.27.1"
    browserslist "^4.24.0"
    lru-cache "^5.1.1"
    semver "^6.3.1"

"@babel/helper-module-transforms@^7.28.3":
  version "7.28.3"
  resolved "https://registry.yarnpkg.com/@babel/helper-module-transforms/-/helper-module-transforms-7.28.3.tgz#da2c1ba988bbec1d871babf84c4040c6146b98ab"
  integrity sha512-0Eejso5Y+W3bi0xZ33MyDe2e2MQdBzewGZPz/2UaqDWlK8w24/yI+bIh+68D5srfZyiwu3pP9bt6nFMEnp6H9A==
  dependencies:
    "@babel/helper-validator-identifier" "^7.27.1"
    "@babel/traverse" "^7.28.3"

"@babel/helper-validator-identifier@^7.27.1":
  version "7.27.1"
  resolved "https://registry.yarnpkg.com/@babel/helper-validator-identifier/-/helper-validator-identifier-7.27.1.tgz#4fa36cb005b12f4e68adea5caee20c9bbef316d1"
  integrity sha512-0h4xbWqRYg1Im2TOWQGP0+s6nFrz2UAmPr3tZq38R1tqNWU8YzFDn1DZg1C1ws/zFNbGkkN+0E2OA77lYFRyoA==

"@babel/helper-validator-option@^7.27.1":
  version "7.27.1"
  resolved "https://registry.yarnpkg.com/@babel/helper-validator-option/-/helper-validator-option-7.27.1.tgz#ef3f04746ed0879024299b1c75f0f8c4740d508e"
  integrity sha512-0N1V8qE1+Dx7V5be79Rjl+0joLyNF7rtPzd3LM8O6Qq0OZKHkWgAKHf0nXtSDTxkCZPb11D2KG8i+6P8TQioig==

"@babel/helpers@^7.28.4":
  version "7.28.4"
  resolved "https://registry.yarnpkg.com/@babel/helpers/-/helpers-7.28.4.tgz#fa5a3c61ac72510139eb3fc45284cb954606c5a6"
  integrity sha512-IqDnIsK+TKwBmR7dPHP9p9H6hO/1leGTQmpO65w1vxdEmGmHhlYXe/1Xdk/c+lkLHM0KX6Ij3Xb+flvN4Ie26g==
  dependencies:
    "@babel/template" "^7.27.2"
    "@babel/types" "^7.28.4"

"@babel/parser@^7.28.3":
  version "7.28.4"
  resolved "https://registry.yarnpkg.com/@babel/parser/-/parser-7.28.4.tgz#9d72bfc2b352a9ea86f094690181e5a21fafd835"
  integrity sha512-ww8vJm/qt1IuOg/eNa9luYhU61H5AGkK8n90+WCE[... truncated]